
Microsoft Visual Studio Solution File, Format Version 12.00
# Visual Studio Version 16
VisualStudioVersion = 16.0.30114.105
MinimumVisualStudioVersion = 10.0.40219.1
Project("{F2A71F9B-5D33-465A-A702-920D77279786}") = "Types", "Types\Types.fsproj", "{1A7E093E-ABE4-43DB-827D-6C801809C3C6}"
EndProject
Project("{2150E333-8FDC-42A3-9474-1A3956D46DE8}") = "frontend", "frontend", "{A35EF6F1-D197-44D6-9276-31ECA0671214}"
EndProject
Project("{2150E333-8FDC-42A3-9474-1A3956D46DE8}") = "src", "src", "{BE22FD1E-F58B-4764-8DB1-90481703219A}"
EndProject
Project("{F2A71F9B-5D33-465A-A702-920D77279786}") = "frontend.Client", "frontend\src\frontend.Client\frontend.Client.fsproj", "{11108ADA-86F2-4D84-8288-6AC9B2B88C55}"
EndProject
Global
	GlobalSection(SolutionConfigurationPlatforms) = preSolution
		Debug|Any CPU = Debug|Any CPU
		Release|Any CPU = Release|Any CPU
	EndGlobalSection
	GlobalSection(SolutionProperties) = preSolution
		HideSolutionNode = FALSE
	EndGlobalSection
	GlobalSection(ProjectConfigurationPlatforms) = postSolution
		{1A7E093E-ABE4-43DB-827D-6C801809C3C6}.Debug|Any CPU.ActiveCfg = Debug|Any CPU
		{1A7E093E-ABE4-43DB-827D-6C801809C3C6}.Debug|Any CPU.Build.0 = Debug|Any CPU
		{1A7E093E-ABE4-43DB-827D-6C801809C3C6}.Release|Any CPU.ActiveCfg = Release|Any CPU
		{1A7E093E-ABE4-43DB-827D-6C801809C3C6}.Release|Any CPU.Build.0 = Release|Any CPU
		{11108ADA-86F2-4D84-8288-6AC9B2B88C55}.Debug|Any CPU.ActiveCfg = Debug|Any CPU
		{11108ADA-86F2-4D84-8288-6AC9B2B88C55}.Debug|Any CPU.Build.0 = Debug|Any CPU
		{11108ADA-86F2-4D84-8288-6AC9B2B88C55}.Release|Any CPU.ActiveCfg = Release|Any CPU
		{11108ADA-86F2-4D84-8288-6AC9B2B88C55}.Release|Any CPU.Build.0 = Release|Any CPU
	EndGlobalSection
	GlobalSection(NestedProjects) = preSolution
		{BE22FD1E-F58B-4764-8DB1-90481703219A} = {A35EF6F1-D197-44D6-9276-31ECA0671214}
		{11108ADA-86F2-4D84-8288-6AC9B2B88C55} = {BE22FD1E-F58B-4764-8DB1-90481703219A}
	EndGlobalSection
EndGlobal
